Microsoft Visual Studio Solution File, Format Version 12.00
# Visual Studio 14
Project("{8BC9CEB8-8B4A-11D0-8D11-00A0C91BC942}") = "ALL_BUILD", "ALL_BUILD.vcxproj", "{E83C8448-5DFB-3EBF-AAC2-9583732634DC}"
	ProjectSection(ProjectDependencies) = postProject
		{560060A2-7516-3182-8625-90F37CFECA02} = {560060A2-7516-3182-8625-90F37CFECA02}
		{58A47064-4136-3412-908C-5395E04EB9BA} = {58A47064-4136-3412-908C-5395E04EB9BA}
		{5C11A85B-A6D7-378E-891F-E070A3165F3D} = {5C11A85B-A6D7-378E-891F-E070A3165F3D}
		{AD3A6EF7-DBE7-376C-9FEF-A3113E824888} = {AD3A6EF7-DBE7-376C-9FEF-A3113E824888}
		{83355411-B332-3A95-8E0B-DE91F26BDB0D} = {83355411-B332-3A95-8E0B-DE91F26BDB0D}
		{56C9C886-7A1A-3803-B541-C0E0DB51CD1B} = {56C9C886-7A1A-3803-B541-C0E0DB51CD1B}
		{BD5AB708-2D96-3835-B0C0-E635E6F89359} = {BD5AB708-2D96-3835-B0C0-E635E6F89359}
	EndProjectSection
EndProject
Project("{8BC9CEB8-8B4A-11D0-8D11-00A0C91BC942}") = "ZERO_CHECK", "ZERO_CHECK.vcxproj", "{560060A2-7516-3182-8625-90F37CFECA02}"
	ProjectSection(ProjectDependencies) = postProject
	EndProjectSection
EndProject
Project("{8BC9CEB8-8B4A-11D0-8D11-00A0C91BC942}") = "lesson_07", "lesson_07.vcxproj", "{58A47064-4136-3412-908C-5395E04EB9BA}"
	ProjectSection(ProjectDependencies) = postProject
		{560060A2-7516-3182-8625-90F37CFECA02} = {560060A2-7516-3182-8625-90F37CFECA02}
	EndProjectSection
EndProject
Project("{8BC9CEB8-8B4A-11D0-8D11-00A0C91BC942}") = "lesson_08", "lesson_08.vcxproj", "{5C11A85B-A6D7-378E-891F-E070A3165F3D}"
	ProjectSection(ProjectDependencies) = postProject
		{560060A2-7516-3182-8625-90F37CFECA02} = {560060A2-7516-3182-8625-90F37CFECA02}
	EndProjectSection
EndProject
Project("{8BC9CEB8-8B4A-11D0-8D11-00A0C91BC942}") = "lesson_09", "lesson_09.vcxproj", "{AD3A6EF7-DBE7-376C-9FEF-A3113E824888}"
	ProjectSection(ProjectDependencies) = postProject
		{560060A2-7516-3182-8625-90F37CFECA02} = {560060A2-7516-3182-8625-90F37CFECA02}
	EndProjectSection
EndProject
Project("{8BC9CEB8-8B4A-11D0-8D11-00A0C91BC942}") = "lesson_10", "lesson_10.vcxproj", "{83355411-B332-3A95-8E0B-DE91F26BDB0D}"
	ProjectSection(ProjectDependencies) = postProject
		{560060A2-7516-3182-8625-90F37CFECA02} = {560060A2-7516-3182-8625-90F37CFECA02}
	EndProjectSection
EndProject
Project("{8BC9CEB8-8B4A-11D0-8D11-00A0C91BC942}") = "lesson_11", "lesson_11.vcxproj", "{56C9C886-7A1A-3803-B541-C0E0DB51CD1B}"
	ProjectSection(ProjectDependencies) = postProject
		{560060A2-7516-3182-8625-90F37CFECA02} = {560060A2-7516-3182-8625-90F37CFECA02}
	EndProjectSection
EndProject
Project("{8BC9CEB8-8B4A-11D0-8D11-00A0C91BC942}") = "lesson_12", "lesson_12.vcxproj", "{BD5AB708-2D96-3835-B0C0-E635E6F89359}"
	ProjectSection(ProjectDependencies) = postProject
		{560060A2-7516-3182-8625-90F37CFECA02} = {560060A2-7516-3182-8625-90F37CFECA02}
	EndProjectSection
EndProject
Global
	GlobalSection(SolutionConfigurationPlatforms) = preSolution
		Debug|Win32 = Debug|Win32
		Release|Win32 = Release|Win32
		MinSizeRel|Win32 = MinSizeRel|Win32
		RelWithDebInfo|Win32 = RelWithDebInfo|Win32
	EndGlobalSection
	GlobalSection(ProjectConfigurationPlatforms) = postSolution
		{E83C8448-5DFB-3EBF-AAC2-9583732634DC}.Debug|Win32.ActiveCfg = Debug|Win32
		{E83C8448-5DFB-3EBF-AAC2-9583732634DC}.Release|Win32.ActiveCfg = Release|Win32
		{E83C8448-5DFB-3EBF-AAC2-9583732634DC}.MinSizeRel|Win32.ActiveCfg = MinSizeRel|Win32
		{E83C8448-5DFB-3EBF-AAC2-9583732634DC}.RelWithDebInfo|Win32.ActiveCfg = RelWithDebInfo|Win32
		{560060A2-7516-3182-8625-90F37CFECA02}.Debug|Win32.ActiveCfg = Debug|Win32
		{560060A2-7516-3182-8625-90F37CFECA02}.Debug|Win32.Build.0 = Debug|Win32
		{560060A2-7516-3182-8625-90F37CFECA02}.Release|Win32.ActiveCfg = Release|Win32
		{560060A2-7516-3182-8625-90F37CFECA02}.Release|Win32.Build.0 = Release|Win32
		{560060A2-7516-3182-8625-90F37CFECA02}.MinSizeRel|Win32.ActiveCfg = MinSizeRel|Win32
		{560060A2-7516-3182-8625-90F37CFECA02}.MinSizeRel|Win32.Build.0 = MinSizeRel|Win32
		{560060A2-7516-3182-8625-90F37CFECA02}.RelWithDebInfo|Win32.ActiveCfg = RelWithDebInfo|Win32
		{560060A2-7516-3182-8625-90F37CFECA02}.RelWithDebInfo|Win32.Build.0 = RelWithDebInfo|Win32
		{58A47064-4136-3412-908C-5395E04EB9BA}.Debug|Win32.ActiveCfg = Debug|Win32
		{58A47064-4136-3412-908C-5395E04EB9BA}.Debug|Win32.Build.0 = Debug|Win32
		{58A47064-4136-3412-908C-5395E04EB9BA}.Release|Win32.ActiveCfg = Release|Win32
		{58A47064-4136-3412-908C-5395E04EB9BA}.Release|Win32.Build.0 = Release|Win32
		{58A47064-4136-3412-908C-5395E04EB9BA}.MinSizeRel|Win32.ActiveCfg = MinSizeRel|Win32
		{58A47064-4136-3412-908C-5395E04EB9BA}.MinSizeRel|Win32.Build.0 = MinSizeRel|Win32
		{58A47064-4136-3412-908C-5395E04EB9BA}.RelWithDebInfo|Win32.ActiveCfg = RelWithDebInfo|Win32
		{58A47064-4136-3412-908C-5395E04EB9BA}.RelWithDebInfo|Win32.Build.0 = RelWithDebInfo|Win32
		{5C11A85B-A6D7-378E-891F-E070A3165F3D}.Debug|Win32.ActiveCfg = Debug|Win32
		{5C11A85B-A6D7-378E-891F-E070A3165F3D}.Debug|Win32.Build.0 = Debug|Win32
		{5C11A85B-A6D7-378E-891F-E070A3165F3D}.Release|Win32.ActiveCfg = Release|Win32
		{5C11A85B-A6D7-378E-891F-E070A3165F3D}.Release|Win32.Build.0 = Release|Win32
		{5C11A85B-A6D7-378E-891F-E070A3165F3D}.MinSizeRel|Win32.ActiveCfg = MinSizeRel|Win32
		{5C11A85B-A6D7-378E-891F-E070A3165F3D}.MinSizeRel|Win32.Build.0 = MinSizeRel|Win32
		{5C11A85B-A6D7-378E-891F-E070A3165F3D}.RelWithDebInfo|Win32.ActiveCfg = RelWithDebInfo|Win32
		{5C11A85B-A6D7-378E-891F-E070A3165F3D}.RelWithDebInfo|Win32.Build.0 = RelWithDebInfo|Win32
		{AD3A6EF7-DBE7-376C-9FEF-A3113E824888}.Debug|Win32.ActiveCfg = Debug|Win32
		{AD3A6EF7-DBE7-376C-9FEF-A3113E824888}.Debug|Win32.Build.0 = Debug|Win32
		{AD3A6EF7-DBE7-376C-9FEF-A3113E824888}.Release|Win32.ActiveCfg = Release|Win32
		{AD3A6EF7-DBE7-376C-9FEF-A3113E824888}.Release|Win32.Build.0 = Release|Win32
		{AD3A6EF7-DBE7-376C-9FEF-A3113E824888}.MinSizeRel|Win32.ActiveCfg = MinSizeRel|Win32
		{AD3A6EF7-DBE7-376C-9FEF-A3113E824888}.MinSizeRel|Win32.Build.0 = MinSizeRel|Win32
		{AD3A6EF7-DBE7-376C-9FEF-A3113E824888}.RelWithDebInfo|Win32.ActiveCfg = RelWithDebInfo|Win32
		{AD3A6EF7-DBE7-376C-9FEF-A3113E824888}.RelWithDebInfo|Win32.Build.0 = RelWithDebInfo|Win32
		{83355411-B332-3A95-8E0B-DE91F26BDB0D}.Debug|Win32.ActiveCfg = Debug|Win32
		{83355411-B332-3A95-8E0B-DE91F26BDB0D}.Debug|Win32.Build.0 = Debug|Win32
		{83355411-B332-3A95-8E0B-DE91F26BDB0D}.Release|Win32.ActiveCfg = Release|Win32
		{83355411-B332-3A95-8E0B-DE91F26BDB0D}.Release|Win32.Build.0 = Release|Win32
		{83355411-B332-3A95-8E0B-DE91F26BDB0D}.MinSizeRel|Win32.ActiveCfg = MinSizeRel|Win32
		{83355411-B332-3A95-8E0B-DE91F26BDB0D}.MinSizeRel|Win32.Build.0 = MinSizeRel|Win32
		{83355411-B332-3A95-8E0B-DE91F26BDB0D}.RelWithDebInfo|Win32.ActiveCfg = RelWithDebInfo|Win32
		{83355411-B332-3A95-8E0B-DE91F26BDB0D}.RelWithDebInfo|Win32.Build.0 = RelWithDebInfo|Win32
		{56C9C886-7A1A-3803-B541-C0E0DB51CD1B}.Debug|Win32.ActiveCfg = Debug|Win32
		{56C9C886-7A1A-3803-B541-C0E0DB51CD1B}.Debug|Win32.Build.0 = Debug|Win32
		{56C9C886-7A1A-3803-B541-C0E0DB51CD1B}.Release|Win32.ActiveCfg = Release|Win32
		{56C9C886-7A1A-3803-B541-C0E0DB51CD1B}.Release|Win32.Build.0 = Release|Win32
		{56C9C886-7A1A-3803-B541-C0E0DB51CD1B}.MinSizeRel|Win32.ActiveCfg = MinSizeRel|Win32
		{56C9C886-7A1A-3803-B541-C0E0DB51CD1B}.MinSizeRel|Win32.Build.0 = MinSizeRel|Win32
		{56C9C886-7A1A-3803-B541-C0E0DB51CD1B}.RelWithDebInfo|Win32.ActiveCfg = RelWithDebInfo|Win32
		{56C9C886-7A1A-3803-B541-C0E0DB51CD1B}.RelWithDebInfo|Win32.Build.0 = RelWithDebInfo|Win32
		{BD5AB708-2D96-3835-B0C0-E635E6F89359}.Debug|Win32.ActiveCfg = Debug|Win32
		{BD5AB708-2D96-3835-B0C0-E635E6F89359}.Debug|Win32.Build.0 = Debug|Win32
		{BD5AB708-2D96-3835-B0C0-E635E6F89359}.Release|Win32.ActiveCfg = Release|Win32
		{BD5AB708-2D96-3835-B0C0-E635E6F89359}.Release|Win32.Build.0 = Release|Win32
		{BD5AB708-2D96-3835-B0C0-E635E6F89359}.MinSizeRel|Win32.ActiveCfg = MinSizeRel|Win32
		{BD5AB708-2D96-3835-B0C0-E635E6F89359}.MinSizeRel|Win32.Build.0 = MinSizeRel|Win32
		{BD5AB708-2D96-3835-B0C0-E635E6F89359}.RelWithDebInfo|Win32.ActiveCfg = RelWithDebInfo|Win32
		{BD5AB708-2D96-3835-B0C0-E635E6F89359}.RelWithDebInfo|Win32.Build.0 = RelWithDebInfo|Win32
	EndGlobalSection
	GlobalSection(ExtensibilityGlobals) = postSolution
	EndGlobalSection
	GlobalSection(ExtensibilityAddIns) = postSolution
	EndGlobalSection
EndGlobal
